
Microsoft Visual Studio Solution File, Format Version 12.00
# Visual Studio Version 17
VisualStudioVersion = 17.13.35806.99
MinimumVisualStudioVersion = 10.0.40219.1
Project("{FAE04EC0-301F-11D3-BF4B-00C04F79EFBC}") = "view", "view\view.csproj", "{43AFE8A7-0B6A-472A-BCC5-776A798A87A3}"
EndProject
Project("{FAE04EC0-301F-11D3-BF4B-00C04F79EFBC}") = "logic", "logic2\logic.csproj", "{132616C5-85E4-4BA6-BEB9-3EA12E45918C}"
EndProject
Project("{FAE04EC0-301F-11D3-BF4B-00C04F79EFBC}") = "data", "data2\data.csproj", "{D7C504FF-762B-4514-8786-779F2BB08C5D}"
EndProject
Global
	GlobalSection(SolutionConfigurationPlatforms) = preSolution
		Debug|Any CPU = Debug|Any CPU
		Release|Any CPU = Release|Any CPU
	EndGlobalSection
	GlobalSection(ProjectConfigurationPlatforms) = postSolution
		{43AFE8A7-0B6A-472A-BCC5-776A798A87A3}.Debug|Any CPU.ActiveCfg = Debug|Any CPU
		{43AFE8A7-0B6A-472A-BCC5-776A798A87A3}.Debug|Any CPU.Build.0 = Debug|Any CPU
		{43AFE8A7-0B6A-472A-BCC5-776A798A87A3}.Release|Any CPU.ActiveCfg = Release|Any CPU
		{43AFE8A7-0B6A-472A-BCC5-776A798A87A3}.Release|Any CPU.Build.0 = Release|Any CPU
		{132616C5-85E4-4BA6-BEB9-3EA12E45918C}.Debug|Any CPU.ActiveCfg = Debug|Any CPU
		{132616C5-85E4-4BA6-BEB9-3EA12E45918C}.Debug|Any CPU.Build.0 = Debug|Any CPU
		{132616C5-85E4-4BA6-BEB9-3EA12E45918C}.Release|Any CPU.ActiveCfg = Release|Any CPU
		{132616C5-85E4-4BA6-BEB9-3EA12E45918C}.Release|Any CPU.Build.0 = Release|Any CPU
		{D7C504FF-762B-4514-8786-779F2BB08C5D}.Debug|Any CPU.ActiveCfg = Debug|Any CPU
		{D7C504FF-762B-4514-8786-779F2BB08C5D}.Debug|Any CPU.Build.0 = Debug|Any CPU
		{D7C504FF-762B-4514-8786-779F2BB08C5D}.Release|Any CPU.ActiveCfg = Release|Any CPU
		{D7C504FF-762B-4514-8786-779F2BB08C5D}.Release|Any CPU.Build.0 = Release|Any CPU
	EndGlobalSection
	GlobalSection(SolutionProperties) = preSolution
		HideSolutionNode = FALSE
	EndGlobalSection
	GlobalSection(ExtensibilityGlobals) = postSolution
		SolutionGuid = {B0B15350-A738-44BD-A0AC-BC4FD0AE47EC}
	EndGlobalSection
EndGlobal
